
Microsoft Visual Studio Solution File, Format Version 12.00
# Visual Studio Version 16
VisualStudioVersion = 16.0.29123.88
MinimumVisualStudioVersion = 10.0.40219.1
Project("{9A19103F-16F7-4668-BE54-9A1E7A4F7556}") = "Web", "Web\Web.csproj", "{D11FDC6C-60BF-47B4-A2C3-679A287B5BDF}"
EndProject
Project("{9A19103F-16F7-4668-BE54-9A1E7A4F7556}") = "CommonDomainObjects", "CommonDomainObjects\CommonDomainObjects.csproj", "{AB4ECF2E-CB3C-4F96-AED4-4DD524988AAF}"
EndProject
Project("{9A19103F-16F7-4668-BE54-9A1E7A4F7556}") = "Peg", "Peg\Peg.csproj", "{469A822C-28B6-453E-B3D8-BF09DA374D95}"
EndProject
Project("{9A19103F-16F7-4668-BE54-9A1E7A4F7556}") = "Process", "Process\Process.csproj", "{FCDFEA85-2473-4A50-836B-483EBFB930BB}"
EndProject
Project("{9A19103F-16F7-4668-BE54-9A1E7A4F7556}") = "Log4NetIntegration", "Log4NetIntegration\Log4NetIntegration.csproj", "{CFE182DD-317B-4373-8DDA-DEAE2B7CD3D2}"
EndProject
Project("{9A19103F-16F7-4668-BE54-9A1E7A4F7556}") = "NHibernateIntegration", "NHibernateIntegration\NHibernateIntegration.csproj", "{1FD9F893-1901-4930-B937-212BC416DFBA}"
EndProject
Project("{9A19103F-16F7-4668-BE54-9A1E7A4F7556}") = "QuartzIntegration", "QuartzIntegration\QuartzIntegration.csproj", "{7782D5CB-846A-48E9-8CAC-4D202549F41B}"
EndProject
Project("{9A19103F-16F7-4668-BE54-9A1E7A4F7556}") = "Service", "Service\Service.csproj", "{D3BAEB7E-EF45-4DE3-93FA-57107D30999D}"
EndProject
Project("{9A19103F-16F7-4668-BE54-9A1E7A4F7556}") = "Test", "Test\Test.csproj", "{529027B5-A315-4D88-8019-8154AD76226C}"
EndProject
Project("{9A19103F-16F7-4668-BE54-9A1E7A4F7556}") = "CommonDomainObjects.Mapping", "CommonDomainObjects.Mapping\CommonDomainObjects.Mapping.csproj", "{865A2823-0692-415C-8E8F-F51F2DFF6139}"
EndProject
Project("{9A19103F-16F7-4668-BE54-9A1E7A4F7556}") = "MessageBroker", "MessageBroker\MessageBroker.csproj", "{71B339EA-D875-45B8-9075-149F5D19BBF6}"
EndProject
Project("{9A19103F-16F7-4668-BE54-9A1E7A4F7556}") = "Data", "Data\Data.csproj", "{03283303-637E-4850-9E91-E9FCCF7E3B85}"
EndProject
Project("{9A19103F-16F7-4668-BE54-9A1E7A4F7556}") = "Iso3166", "Iso3166\Iso3166.csproj", "{36EF4507-6ED1-4680-8F86-AEE59663F928}"
EndProject
Project("{9A19103F-16F7-4668-BE54-9A1E7A4F7556}") = "Iso4217", "Iso4217\Iso4217.csproj", "{FF43B0BC-7B52-4A71-AE83-8BA18D55DDC3}"
EndProject
Project("{9A19103F-16F7-4668-BE54-9A1E7A4F7556}") = "UnsdM49", "UnsdM49\UnsdM49.csproj", "{F672EA36-78FC-440A-8F4F-2193ABA7E004}"
EndProject
Project("{9A19103F-16F7-4668-BE54-9A1E7A4F7556}") = "Agreements", "Agreements\Agreements.csproj", "{72DA1E3D-4477-4D0D-B245-2E9798237C3C}"
EndProject
Project("{9A19103F-16F7-4668-BE54-9A1E7A4F7556}") = "Parties", "Parties\Parties.csproj", "{A96DD400-FAC2-4CF8-A25B-56B4F0295283}"
EndProject
Project("{9A19103F-16F7-4668-BE54-9A1E7A4F7556}") = "LegalEntities", "LegalEntities\LegalEntities.csproj", "{43DB5D07-BB94-4BD2-9F68-96C67865AE35}"
EndProject
Project("{9A19103F-16F7-4668-BE54-9A1E7A4F7556}") = "People", "People\People.csproj", "{BB7D73E7-1C84-4E9D-92EF-FFC2099F3040}"
EndProject
Project("{9A19103F-16F7-4668-BE54-9A1E7A4F7556}") = "Organisations", "Organisations\Organisations.csproj", "{47810C52-1178-4371-99B2-21E94C44A932}"
EndProject
Project("{9A19103F-16F7-4668-BE54-9A1E7A4F7556}") = "Agents", "Agents\Agents.csproj", "{A0EEADCD-8996-4EC6-9E4D-2A7DA8D1CD4B}"
EndProject
Project("{9A19103F-16F7-4668-BE54-9A1E7A4F7556}") = "Roles", "Roles\Roles.csproj", "{7368B337-0862-4E92-BFDD-A515BA34C382}"
EndProject
Project("{9A19103F-16F7-4668-BE54-9A1E7A4F7556}") = "Geophysical", "Geophysical\Geophysical.csproj", "{E14C0AFD-8431-4E63-A59D-95BFDA47A2EA}"
EndProject
Project("{9A19103F-16F7-4668-BE54-9A1E7A4F7556}") = "Contracts", "Contracts\Contracts.csproj", "{FEFBD30C-1F8A-4A0A-95F3-DB6D229745F2}"
EndProject
Project("{9A19103F-16F7-4668-BE54-9A1E7A4F7556}") = "FacilityAgreements", "FacilityAgreements\FacilityAgreements.csproj", "{DFD92A12-527F-433C-82E8-20C5492C95AE}"
EndProject
Project("{9A19103F-16F7-4668-BE54-9A1E7A4F7556}") = "Expressions", "Expressions\Expressions.csproj", "{0F36F457-3EEB-426C-ABBF-D4930DB76572}"
EndProject
Project("{FAE04EC0-301F-11D3-BF4B-00C04F79EFBC}") = "Locations", "Locations\Locations.csproj", "{65B30DBE-DEE2-4EE4-8A9C-C86DE422414B}"
EndProject
Global
	GlobalSection(SolutionConfigurationPlatforms) = preSolution
		Debug|Any CPU = Debug|Any CPU
		Release|Any CPU = Release|Any CPU
	EndGlobalSection
	GlobalSection(ProjectConfigurationPlatforms) = postSolution
		{D11FDC6C-60BF-47B4-A2C3-679A287B5BDF}.Debug|Any CPU.ActiveCfg = Debug|Any CPU
		{D11FDC6C-60BF-47B4-A2C3-679A287B5BDF}.Debug|Any CPU.Build.0 = Debug|Any CPU
		{D11FDC6C-60BF-47B4-A2C3-679A287B5BDF}.Release|Any CPU.ActiveCfg = Release|Any CPU
		{D11FDC6C-60BF-47B4-A2C3-679A287B5BDF}.Release|Any CPU.Build.0 = Release|Any CPU
		{AB4ECF2E-CB3C-4F96-AED4-4DD524988AAF}.Debug|Any CPU.ActiveCfg = Debug|Any CPU
		{AB4ECF2E-CB3C-4F96-AED4-4DD524988AAF}.Debug|Any CPU.Build.0 = Debug|Any CPU
		{AB4ECF2E-CB3C-4F96-AED4-4DD524988AAF}.Release|Any CPU.ActiveCfg = Release|Any CPU
		{AB4ECF2E-CB3C-4F96-AED4-4DD524988AAF}.Release|Any CPU.Build.0 = Release|Any CPU
		{469A822C-28B6-453E-B3D8-BF09DA374D95}.Debug|Any CPU.ActiveCfg = Debug|Any CPU
		{469A822C-28B6-453E-B3D8-BF09DA374D95}.Debug|Any CPU.Build.0 = Debug|Any CPU
		{469A822C-28B6-453E-B3D8-BF09DA374D95}.Release|Any CPU.ActiveCfg = Release|Any CPU
		{469A822C-28B6-453E-B3D8-BF09DA374D95}.Release|Any CPU.Build.0 = Release|Any CPU
		{FCDFEA85-2473-4A50-836B-483EBFB930BB}.Debug|Any CPU.ActiveCfg = Debug|Any CPU
		{FCDFEA85-2473-4A50-836B-483EBFB930BB}.Debug|Any CPU.Build.0 = Debug|Any CPU
		{FCDFEA85-2473-4A50-836B-483EBFB930BB}.Release|Any CPU.ActiveCfg = Release|Any CPU
		{FCDFEA85-2473-4A50-836B-483EBFB930BB}.Release|Any CPU.Build.0 = Release|Any CPU
		{CFE182DD-317B-4373-8DDA-DEAE2B7CD3D2}.Debug|Any CPU.ActiveCfg = Debug|Any CPU
		{CFE182DD-317B-4373-8DDA-DEAE2B7CD3D2}.Debug|Any CPU.Build.0 = Debug|Any CPU
		{CFE182DD-317B-4373-8DDA-DEAE2B7CD3D2}.Release|Any CPU.ActiveCfg = Release|Any CPU
		{CFE182DD-317B-4373-8DDA-DEAE2B7CD3D2}.Release|Any CPU.Build.0 = Release|Any CPU
		{1FD9F893-1901-4930-B937-212BC416DFBA}.Debug|Any CPU.ActiveCfg = Debug|Any CPU
		{1FD9F893-1901-4930-B937-212BC416DFBA}.Debug|Any CPU.Build.0 = Debug|Any CPU
		{1FD9F893-1901-4930-B937-212BC416DFBA}.Release|Any CPU.ActiveCfg = Release|Any CPU
		{1FD9F893-1901-4930-B937-212BC416DFBA}.Release|Any CPU.Build.0 = Release|Any CPU
		{7782D5CB-846A-48E9-8CAC-4D202549F41B}.Debug|Any CPU.ActiveCfg = Debug|Any CPU
		{7782D5CB-846A-48E9-8CAC-4D202549F41B}.Debug|Any CPU.Build.0 = Debug|Any CPU
		{7782D5CB-846A-48E9-8CAC-4D202549F41B}.Release|Any CPU.ActiveCfg = Release|Any CPU
		{7782D5CB-846A-48E9-8CAC-4D202549F41B}.Release|Any CPU.Build.0 = Release|Any CPU
		{D3BAEB7E-EF45-4DE3-93FA-57107D30999D}.Debug|Any CPU.ActiveCfg = Debug|Any CPU
		{D3BAEB7E-EF45-4DE3-93FA-57107D30999D}.Debug|Any CPU.Build.0 = Debug|Any CPU
		{D3BAEB7E-EF45-4DE3-93FA-57107D30999D}.Release|Any CPU.ActiveCfg = Release|Any CPU
		{D3BAEB7E-EF45-4DE3-93FA-57107D30999D}.Release|Any CPU.Build.0 = Release|Any CPU
		{529027B5-A315-4D88-8019-8154AD76226C}.Debug|Any CPU.ActiveCfg = Debug|Any CPU
		{529027B5-A315-4D88-8019-8154AD76226C}.Debug|Any CPU.Build.0 = Debug|Any CPU
		{529027B5-A315-4D88-8019-8154AD76226C}.Release|Any CPU.ActiveCfg = Release|Any CPU
		{529027B5-A315-4D88-8019-8154AD76226C}.Release|Any CPU.Build.0 = Release|Any CPU
		{865A2823-0692-415C-8E8F-F51F2DFF6139}.Debug|Any CPU.ActiveCfg = Debug|Any CPU
		{865A2823-0692-415C-8E8F-F51F2DFF6139}.Debug|Any CPU.Build.0 = Debug|Any CPU
		{865A2823-0692-415C-8E8F-F51F2DFF6139}.Release|Any CPU.ActiveCfg = Release|Any CPU
		{865A2823-0692-415C-8E8F-F51F2DFF6139}.Release|Any CPU.Build.0 = Release|Any CPU
		{71B339EA-D875-45B8-9075-149F5D19BBF6}.Debug|Any CPU.ActiveCfg = Debug|Any CPU
		{71B339EA-D875-45B8-9075-149F5D19BBF6}.Debug|Any CPU.Build.0 = Debug|Any CPU
		{71B339EA-D875-45B8-9075-149F5D19BBF6}.Release|Any CPU.ActiveCfg = Release|Any CPU
		{71B339EA-D875-45B8-9075-149F5D19BBF6}.Release|Any CPU.Build.0 = Release|Any CPU
		{03283303-637E-4850-9E91-E9FCCF7E3B85}.Debug|Any CPU.ActiveCfg = Debug|Any CPU
		{03283303-637E-4850-9E91-E9FCCF7E3B85}.Debug|Any CPU.Build.0 = Debug|Any CPU
		{03283303-637E-4850-9E91-E9FCCF7E3B85}.Release|Any CPU.ActiveCfg = Release|Any CPU
		{03283303-637E-4850-9E91-E9FCCF7E3B85}.Release|Any CPU.Build.0 = Release|Any CPU
		{36EF4507-6ED1-4680-8F86-AEE59663F928}.Debug|Any CPU.ActiveCfg = Debug|Any CPU
		{36EF4507-6ED1-4680-8F86-AEE59663F928}.Debug|Any CPU.Build.0 = Debug|Any CPU
		{36EF4507-6ED1-4680-8F86-AEE59663F928}.Release|Any CPU.ActiveCfg = Release|Any CPU
		{36EF4507-6ED1-4680-8F86-AEE59663F928}.Release|Any CPU.Build.0 = Release|Any CPU
		{FF43B0BC-7B52-4A71-AE83-8BA18D55DDC3}.Debug|Any CPU.ActiveCfg = Debug|Any CPU
		{FF43B0BC-7B52-4A71-AE83-8BA18D55DDC3}.Debug|Any CPU.Build.0 = Debug|Any CPU
		{FF43B0BC-7B52-4A71-AE83-8BA18D55DDC3}.Release|Any CPU.ActiveCfg = Release|Any CPU
		{FF43B0BC-7B52-4A71-AE83-8BA18D55DDC3}.Release|Any CPU.Build.0 = Release|Any CPU
		{F672EA36-78FC-440A-8F4F-2193ABA7E004}.Debug|Any CPU.ActiveCfg = Debug|Any CPU
		{F672EA36-78FC-440A-8F4F-2193ABA7E004}.Debug|Any CPU.Build.0 = Debug|Any CPU
		{F672EA36-78FC-440A-8F4F-2193ABA7E004}.Release|Any CPU.ActiveCfg = Release|Any CPU
		{F672EA36-78FC-440A-8F4F-2193ABA7E004}.Release|Any CPU.Build.0 = Release|Any CPU
		{72DA1E3D-4477-4D0D-B245-2E9798237C3C}.Debug|Any CPU.ActiveCfg = Debug|Any CPU
		{72DA1E3D-4477-4D0D-B245-2E9798237C3C}.Debug|Any CPU.Build.0 = Debug|Any CPU
		{72DA1E3D-4477-4D0D-B245-2E9798237C3C}.Release|Any CPU.ActiveCfg = Release|Any CPU
		{72DA1E3D-4477-4D0D-B245-2E9798237C3C}.Release|Any CPU.Build.0 = Release|Any CPU
		{A96DD400-FAC2-4CF8-A25B-56B4F0295283}.Debug|Any CPU.ActiveCfg = Debug|Any CPU
		{A96DD400-FAC2-4CF8-A25B-56B4F0295283}.Debug|Any CPU.Build.0 = Debug|Any CPU
		{A96DD400-FAC2-4CF8-A25B-56B4F0295283}.Release|Any CPU.ActiveCfg = Release|Any CPU
		{A96DD400-FAC2-4CF8-A25B-56B4F0295283}.Release|Any CPU.Build.0 = Release|Any CPU
		{43DB5D07-BB94-4BD2-9F68-96C67865AE35}.Debug|Any CPU.ActiveCfg = Debug|Any CPU
		{43DB5D07-BB94-4BD2-9F68-96C67865AE35}.Debug|Any CPU.Build.0 = Debug|Any CPU
		{43DB5D07-BB94-4BD2-9F68-96C67865AE35}.Release|Any CPU.ActiveCfg = Release|Any CPU
		{43DB5D07-BB94-4BD2-9F68-96C67865AE35}.Release|Any CPU.Build.0 = Release|Any CPU
		{BB7D73E7-1C84-4E9D-92EF-FFC2099F3040}.Debug|Any CPU.ActiveCfg = Debug|Any CPU
		{BB7D73E7-1C84-4E9D-92EF-FFC2099F3040}.Debug|Any CPU.Build.0 = Debug|Any CPU
		{BB7D73E7-1C84-4E9D-92EF-FFC2099F3040}.Release|Any CPU.ActiveCfg = Release|Any CPU
		{BB7D73E7-1C84-4E9D-92EF-FFC2099F3040}.Release|Any CPU.Build.0 = Release|Any CPU
		{47810C52-1178-4371-99B2-21E94C44A932}.Debug|Any CPU.ActiveCfg = Debug|Any CPU
		{47810C52-1178-4371-99B2-21E94C44A932}.Debug|Any CPU.Build.0 = Debug|Any CPU
		{47810C52-1178-4371-99B2-21E94C44A932}.Release|Any CPU.ActiveCfg = Release|Any CPU
		{47810C52-1178-4371-99B2-21E94C44A932}.Release|Any CPU.Build.0 = Release|Any CPU
		{A0EEADCD-8996-4EC6-9E4D-2A7DA8D1CD4B}.Debug|Any CPU.ActiveCfg = Debug|Any CPU
		{A0EEADCD-8996-4EC6-9E4D-2A7DA8D1CD4B}.Debug|Any CPU.Build.0 = Debug|Any CPU
		{A0EEADCD-8996-4EC6-9E4D-2A7DA8D1CD4B}.Release|Any CPU.ActiveCfg = Release|Any CPU
		{A0EEADCD-8996-4EC6-9E4D-2A7DA8D1CD4B}.Release|Any CPU.Build.0 = Release|Any CPU
		{7368B337-0862-4E92-BFDD-A515BA34C382}.Debug|Any CPU.ActiveCfg = Debug|Any CPU
		{7368B337-0862-4E92-BFDD-A515BA34C382}.Debug|Any CPU.Build.0 = Debug|Any CPU
		{7368B337-0862-4E92-BFDD-A515BA34C382}.Release|Any CPU.ActiveCfg = Release|Any CPU
		{7368B337-0862-4E92-BFDD-A515BA34C382}.Release|Any CPU.Build.0 = Release|Any CPU
		{E14C0AFD-8431-4E63-A59D-95BFDA47A2EA}.Debug|Any CPU.ActiveCfg = Debug|Any CPU
		{E14C0AFD-8431-4E63-A59D-95BFDA47A2EA}.Debug|Any CPU.Build.0 = Debug|Any CPU
		{E14C0AFD-8431-4E63-A59D-95BFDA47A2EA}.Release|Any CPU.ActiveCfg = Release|Any CPU
		{E14C0AFD-8431-4E63-A59D-95BFDA47A2EA}.Release|Any CPU.Build.0 = Release|Any CPU
		{FEFBD30C-1F8A-4A0A-95F3-DB6D229745F2}.Debug|Any CPU.ActiveCfg = Debug|Any CPU
		{FEFBD30C-1F8A-4A0A-95F3-DB6D229745F2}.Debug|Any CPU.Build.0 = Debug|Any CPU
		{FEFBD30C-1F8A-4A0A-95F3-DB6D229745F2}.Release|Any CPU.ActiveCfg = Release|Any CPU
		{FEFBD30C-1F8A-4A0A-95F3-DB6D229745F2}.Release|Any CPU.Build.0 = Release|Any CPU
		{DFD92A12-527F-433C-82E8-20C5492C95AE}.Debug|Any CPU.ActiveCfg = Debug|Any CPU
		{DFD92A12-527F-433C-82E8-20C5492C95AE}.Debug|Any CPU.Build.0 = Debug|Any CPU
		{DFD92A12-527F-433C-82E8-20C5492C95AE}.Release|Any CPU.ActiveCfg = Release|Any CPU
		{DFD92A12-527F-433C-82E8-20C5492C95AE}.Release|Any CPU.Build.0 = Release|Any CPU
		{0F36F457-3EEB-426C-ABBF-D4930DB76572}.Debug|Any CPU.ActiveCfg = Debug|Any CPU
		{0F36F457-3EEB-426C-ABBF-D4930DB76572}.Debug|Any CPU.Build.0 = Debug|Any CPU
		{0F36F457-3EEB-426C-ABBF-D4930DB76572}.Release|Any CPU.ActiveCfg = Release|Any CPU
		{0F36F457-3EEB-426C-ABBF-D4930DB76572}.Release|Any CPU.Build.0 = Release|Any CPU
		{65B30DBE-DEE2-4EE4-8A9C-C86DE422414B}.Debug|Any CPU.ActiveCfg = Debug|Any CPU
		{65B30DBE-DEE2-4EE4-8A9C-C86DE422414B}.Debug|Any CPU.Build.0 = Debug|Any CPU
		{65B30DBE-DEE2-4EE4-8A9C-C86DE422414B}.Release|Any CPU.ActiveCfg = Release|Any CPU
		{65B30DBE-DEE2-4EE4-8A9C-C86DE422414B}.Release|Any CPU.Build.0 = Release|Any CPU
	EndGlobalSection
	GlobalSection(SolutionProperties) = preSolution
		HideSolutionNode = FALSE
	EndGlobalSection
	GlobalSection(ExtensibilityGlobals) = postSolution
		SolutionGuid = {CC8B9CB3-D138-420B-B1EE-7EF691D6B324}
	EndGlobalSection
EndGlobal
